// !$*UTF8*$!
{
	archiveVersion = 1;
	classes = {
	};
	objectVersion = 50;
	objects = {

/* Begin PBXBuildFile section */
		41080AFB26A7AE4300B31871 /* JounralTableViewController.swift in Sources */ = {isa = PBXBuildFile; fileRef = 41080AFA26A7AE4300B31871 /* JounralTableViewController.swift */; };
		41080AFD26A7AEEF00B31871 /* Journal.swift in Sources */ = {isa = PBXBuildFile; fileRef = 41080AFC26A7AEEF00B31871 /* Journal.swift */; };
		41080AFF26A7B48400B31871 /* AddJournalEntryViewController.swift in Sources */ = {isa = PBXBuildFile; fileRef = 41080AFE26A7B48300B31871 /* AddJournalEntryViewController.swift */; };
		55C3A73226A73B150058BC2A /* AppDelegate.swift in Sources */ = {isa = PBXBuildFile; fileRef = 55C3A73126A73B150058BC2A /* AppDelegate.swift */; };
		55C3A73426A73B150058BC2A /* SceneDelegate.swift in Sources */ = {isa = PBXBuildFile; fileRef = 55C3A73326A73B150058BC2A /* SceneDelegate.swift */; };
		55C3A73626A73B150058BC2A /* ViewController.swift in Sources */ = {isa = PBXBuildFile; fileRef = 55C3A73526A73B150058BC2A /* ViewController.swift */; };
		55C3A73926A73B150058BC2A /* Main.storyboard in Resources */ = {isa = PBXBuildFile; fileRef = 55C3A73726A73B150058BC2A /* Main.storyboard */; };
		55C3A73C26A73B150058BC2A /* lowkeyLog.xcdatamodeld in Sources */ = {isa = PBXBuildFile; fileRef = 55C3A73A26A73B150058BC2A /* lowkeyLog.xcdatamodeld */; };
		55C3A73E26A73B1D0058BC2A /* Assets.xcassets in Resources */ = {isa = PBXBuildFile; fileRef = 55C3A73D26A73B1D0058BC2A /* Assets.xcassets */; };
		55C3A74126A73B1D0058BC2A /* LaunchScreen.storyboard in Resources */ = {isa = PBXBuildFile; fileRef = 55C3A73F26A73B1D0058BC2A /* LaunchScreen.storyboard */; };
		55C3A74926A7446B0058BC2A /* ResourcesViewController.swift in Sources */ = {isa = PBXBuildFile; fileRef = 55C3A74826A7446B0058BC2A /* ResourcesViewController.swift */; };
		55C3A74B26A745BC0058BC2A /* QuotesViewController.swift in Sources */ = {isa = PBXBuildFile; fileRef = 55C3A74A26A745BC0058BC2A /* QuotesViewController.swift */; };
		57356BB526A8652100C8E081 /* extrasViewController.swift in Sources */ = {isa = PBXBuildFile; fileRef = 57356BB426A8652100C8E081 /* extrasViewController.swift */; };
/* End PBXBuildFile section */

/* Begin PBXFileReference section */
		41080AFA26A7AE4300B31871 /* JounralTableViewController.swift */ = {isa = PBXFileReference; lastKnownFileType = sourcecode.swift; path = JounralTableViewController.swift; sourceTree = "<group>"; };
		41080AFC26A7AEEF00B31871 /* Journal.swift */ = {isa = PBXFileReference; lastKnownFileType = sourcecode.swift; path = Journal.swift; sourceTree = "<group>"; };
		41080AFE26A7B48300B31871 /* AddJournalEntryViewController.swift */ = {isa = PBXFileReference; lastKnownFileType = sourcecode.swift; path = AddJournalEntryViewController.swift; sourceTree = "<group>"; };
		55C3A72E26A73B150058BC2A /* lowkeyLog.app */ = {isa = PBXFileReference; explicitFileType = wrapper.application; includeInIndex = 0; path = lowkeyLog.app; sourceTree = BUILT_PRODUCTS_DIR; };
		55C3A73126A73B150058BC2A /* AppDelegate.swift */ = {isa = PBXFileReference; lastKnownFileType = sourcecode.swift; path = AppDelegate.swift; sourceTree = "<group>"; };
		55C3A73326A73B150058BC2A /* SceneDelegate.swift */ = {isa = PBXFileReference; lastKnownFileType = sourcecode.swift; path = SceneDelegate.swift; sourceTree = "<group>"; };
		55C3A73526A73B150058BC2A /* ViewController.swift */ = {isa = PBXFileReference; lastKnownFileType = sourcecode.swift; path = ViewController.swift; sourceTree = "<group>"; };
		55C3A73826A73B150058BC2A /* Base */ = {isa = PBXFileReference; lastKnownFileType = file.storyboard; name = Base; path = Base.lproj/Main.storyboard; sourceTree = "<group>"; };
		55C3A73B26A73B150058BC2A /* lowkeyLog.xcdatamodel */ = {isa = PBXFileReference; lastKnownFileType = wrapper.xcdatamodel; path = lowkeyLog.xcdatamodel; sourceTree = "<group>"; };
		55C3A73D26A73B1D0058BC2A /* Assets.xcassets */ = {isa = PBXFileReference; lastKnownFileType = folder.assetcatalog; path = Assets.xcassets; sourceTree = "<group>"; };
		55C3A74026A73B1D0058BC2A /* Base */ = {isa = PBXFileReference; lastKnownFileType = file.storyboard; name = Base; path = Base.lproj/LaunchScreen.storyboard; sourceTree = "<group>"; };
		55C3A74226A73B1D0058BC2A /* Info.plist */ = {isa = PBXFileReference; lastKnownFileType = text.plist.xml; path = Info.plist; sourceTree = "<group>"; };
		55C3A74826A7446B0058BC2A /* ResourcesViewController.swift */ = {isa = PBXFileReference; lastKnownFileType = sourcecode.swift; path = ResourcesViewController.swift; sourceTree = "<group>"; };
		55C3A74A26A745BC0058BC2A /* QuotesViewController.swift */ = {isa = PBXFileReference; lastKnownFileType = sourcecode.swift; path = QuotesViewController.swift; sourceTree = "<group>"; };
		57356BB426A8652100C8E081 /* extrasViewController.swift */ = {isa = PBXFileReference; lastKnownFileType = sourcecode.swift; path = extrasViewController.swift; sourceTree = "<group>"; };
/* End PBXFileReference section */

/* Begin PBXFrameworksBuildPhase section */
		55C3A72B26A73B150058BC2A /* Frameworks */ = {
			isa = PBXFrameworksBuildPhase;
			buildActionMask = 2147483647;
			files = (
			);
			runOnlyForDeploymentPostprocessing = 0;
		};
/* End PBXFrameworksBuildPhase section */

/* Begin PBXGroup section */
		55C3A72526A73B140058BC2A = {
			isa = PBXGroup;
			children = (
				55C3A73026A73B150058BC2A /* lowkeyLog */,
				55C3A72F26A73B150058BC2A /* Products */,
			);
			sourceTree = "<group>";
		};
		55C3A72F26A73B150058BC2A /* Products */ = {
			isa = PBXGroup;
			children = (
				55C3A72E26A73B150058BC2A /* lowkeyLog.app */,
			);
			name = Products;
			sourceTree = "<group>";
		};
		55C3A73026A73B150058BC2A /* lowkeyLog */ = {
			isa = PBXGroup;
			children = (
				55C3A73126A73B150058BC2A /* AppDelegate.swift */,
				55C3A73326A73B150058BC2A /* SceneDelegate.swift */,
				55C3A73526A73B150058BC2A /* ViewController.swift */,
				55C3A73726A73B150058BC2A /* Main.storyboard */,
				57356BB426A8652100C8E081 /* extrasViewController.swift */,
				41080AFE26A7B48300B31871 /* AddJournalEntryViewController.swift */,
				41080AFA26A7AE4300B31871 /* JounralTableViewController.swift */,
				41080AFC26A7AEEF00B31871 /* Journal.swift */,
				55C3A74A26A745BC0058BC2A /* QuotesViewController.swift */,
				55C3A74826A7446B0058BC2A /* ResourcesViewController.swift */,
				55C3A73D26A73B1D0058BC2A /* Assets.xcassets */,
				55C3A73F26A73B1D0058BC2A /* LaunchScreen.storyboard */,
				55C3A74226A73B1D0058BC2A /* Info.plist */,
				55C3A73A26A73B150058BC2A /* lowkeyLog.xcdatamodeld */,
			);
			path = lowkeyLog;
			sourceTree = "<group>";
		};
/* End PBXGroup section */

/* Begin PBXNativeTarget section */
		55C3A72D26A73B150058BC2A /* lowkeyLog */ = {
			isa = PBXNativeTarget;
			buildConfigurationList = 55C3A74526A73B1D0058BC2A /* Build configuration list for PBXNativeTarget "lowkeyLog" */;
			buildPhases = (
				55C3A72A26A73B150058BC2A /* Sources */,
				55C3A72B26A73B150058BC2A /* Frameworks */,
				55C3A72C26A73B150058BC2A /* Resources */,
			);
			buildRules = (
			);
			dependencies = (
			);
			name = lowkeyLog;
			productName = lowkeyLog;
			productReference = 55C3A72E26A73B150058BC2A /* lowkeyLog.app */;
			productType = "com.apple.product-type.application";
		};
/* End PBXNativeTarget section */

/* Begin PBXProject section */
		55C3A72626A73B140058BC2A /* Project object */ = {
			isa = PBXProject;
			attributes = {
				LastSwiftUpdateCheck = 1250;
				LastUpgradeCheck = 1250;
				TargetAttributes = {
					55C3A72D26A73B150058BC2A = {
						CreatedOnToolsVersion = 12.5.1;
					};
				};
			};
			buildConfigurationList = 55C3A72926A73B140058BC2A /* Build configuration list for PBXProject "lowkeyLog" */;
			compatibilityVersion = "Xcode 9.3";
			developmentRegion = en;
			hasScannedForEncodings = 0;
			knownRegions = (
				en,
				Base,
			);
			mainGroup = 55C3A72526A73B140058BC2A;
			productRefGroup = 55C3A72F26A73B150058BC2A /* Products */;
			projectDirPath = "";
			projectRoot = "";
			targets = (
				55C3A72D26A73B150058BC2A /* lowkeyLog */,
			);
		};
/* End PBXProject section */

/* Begin PBXResourcesBuildPhase section */
		55C3A72C26A73B150058BC2A /* Resources */ = {
			isa = PBXResourcesBuildPhase;
			buildActionMask = 2147483647;
			files = (
				55C3A74126A73B1D0058BC2A /* LaunchScreen.storyboard in Resources */,
				55C3A73E26A73B1D0058BC2A /* Assets.xcassets in Resources */,
				55C3A73926A73B150058BC2A /* Main.storyboard in Resources */,
			);
			runOnlyForDeploymentPostprocessing = 0;
		};
/* End PBXResourcesBuildPhase section */

/* Begin PBXSourcesBuildPhase section */
		55C3A72A26A73B150058BC2A /* Sources */ = {
			isa = PBXSourcesBuildPhase;
			buildActionMask = 2147483647;
			files = (
				55C3A74926A7446B0058BC2A /* ResourcesViewController.swift in Sources */,
				57356BB526A8652100C8E081 /* extrasViewController.swift in Sources */,
				41080AFB26A7AE4300B31871 /* JounralTableViewController.swift in Sources */,
				55C3A74B26A745BC0058BC2A /* QuotesViewController.swift in Sources */,
				41080AFD26A7AEEF00B31871 /* Journal.swift in Sources */,
				55C3A73626A73B150058BC2A /* ViewController.swift in Sources */,
				41080AFF26A7B48400B31871 /* AddJournalEntryViewController.swift in Sources */,
				55C3A73226A73B150058BC2A /* AppDelegate.swift in Sources */,
				55C3A73426A73B150058BC2A /* SceneDelegate.swift in Sources */,
				55C3A73C26A73B150058BC2A /* lowkeyLog.xcdatamodeld in Sources */,
			);
			runOnlyForDeploymentPostprocessing = 0;
		};
/* End PBXSourcesBuildPhase section */

/* Begin PBXVariantGroup section */
		55C3A73726A73B150058BC2A /* Main.storyboard */ = {
			isa = PBXVariantGroup;
			children = (
				55C3A73826A73B150058BC2A /* Base */,
			);
			name = Main.storyboard;
			sourceTree = "<group>";
		};
		55C3A73F26A73B1D0058BC2A /* LaunchScreen.storyboard */ = {
			isa = PBXVariantGroup;
			children = (
				55C3A74026A73B1D0058BC2A /* Base */,
			);
			name = LaunchScreen.storyboard;
			sourceTree = "<group>";
		};
/* End PBXVariantGroup section */

/* Begin XCBuildConfiguration section */
		55C3A74326A73B1D0058BC2A /* Debug */ = {
			isa = XCBuildConfiguration;
			buildSettings = {
				ALWAYS_SEARCH_USER_PATHS = NO;
				CLANG_ANALYZER_NONNULL = YES;
				CLANG_ANALYZER_NUMBER_OBJECT_CONVERSION = YES_AGGRESSIVE;
				CLANG_CXX_LANGUAGE_STANDARD = "gnu++14";
				CLANG_CXX_LIBRARY = "libc++";
				CLANG_ENABLE_MODULES = YES;
				CLANG_ENABLE_OBJC_ARC = YES;
				CLANG_ENABLE_OBJC_WEAK = YES;
				CLANG_WARN_BLOCK_CAPTURE_AUTORELEASING = YES;
				CLANG_WARN_BOOL_CONVERSION = YES;
				CLANG_WARN_COMMA = YES;
				CLANG_WARN_CONSTANT_CONVERSION = YES;
				CLANG_WARN_DEPRECATED_OBJC_IMPLEMENTATIONS = YES;
				CLANG_WARN_DIRECT_OBJC_ISA_USAGE = YES_ERROR;
				CLANG_WARN_DOCUMENTATION_COMMENTS = YES;
				CLANG_WARN_EMPTY_BODY = YES;
				CLANG_WARN_ENUM_CONVERSION = YES;
				CLANG_WARN_INFINITE_RECURSION = YES;
				CLANG_WARN_INT_CONVERSION = YES;
				CLANG_WARN_NON_LITERAL_NULL_CONVERSION = YES;
				CLANG_WARN_OBJC_IMPLICIT_RETAIN_SELF = YES;
				CLANG_WARN_OBJC_LITERAL_CONVERSION = YES;
				CLANG_WARN_OBJC_ROOT_CLASS = YES_ERROR;
				CLANG_WARN_QUOTED_INCLUDE_IN_FRAMEWORK_HEADER = YES;
				CLANG_WARN_RANGE_LOOP_ANALYSIS = YES;
				CLANG_WARN_STRICT_PROTOTYPES = YES;
				CLANG_WARN_SUSPICIOUS_MOVE = YES;
				CLANG_WARN_UNGUARDED_AVAILABILITY = YES_AGGRESSIVE;
				CLANG_WARN_UNREACHABLE_CODE = YES;
				CLANG_WARN__DUPLICATE_METHOD_MATCH = YES;
				COPY_PHASE_STRIP = NO;
				DEBUG_INFORMATION_FORMAT = dwarf;
				ENABLE_STRICT_OBJC_MSGSEND = YES;
				ENABLE_TESTABILITY = YES;
				GCC_C_LANGUAGE_STANDARD = gnu11;
				GCC_DYNAMIC_NO_PIC = NO;
				GCC_NO_COMMON_BLOCKS = YES;
				GCC_OPTIMIZATION_LEVEL = 0;
				GCC_PREPROCESSOR_DEFINITIONS = (
					"DEBUG=1",
					"$(inherited)",
				);
				GCC_WARN_64_TO_32_BIT_CONVERSION = YES;
				GCC_WARN_ABOUT_RETURN_TYPE = YES_ERROR;
				GCC_WARN_UNDECLARED_SELECTOR = YES;
				GCC_WARN_UNINITIALIZED_AUTOS = YES_AGGRESSIVE;
				GCC_WARN_UNUSED_FUNCTION = YES;
				GCC_WARN_UNUSED_VARIABLE = YES;
				IPHONEOS_DEPLOYMENT_TARGET = 14.5;
				MTL_ENABLE_DEBUG_INFO = INCLUDE_SOURCE;
				MTL_FAST_MATH = YES;
				ONLY_ACTIVE_ARCH = YES;
				SDKROOT = iphoneos;
				SWIFT_ACTIVE_COMPILATION_CONDITIONS = DEBUG;
				SWIFT_OPTIMIZATION_LEVEL = "-Onone";
			};
			name = Debug;
		};
		55C3A74426A73B1D0058BC2A /* Release */ = {
			isa = XCBuildConfiguration;
			buildSettings = {
				ALWAYS_SEARCH_USER_PATHS = NO;
				CLANG_ANALYZER_NONNULL = YES;
				CLANG_ANALYZER_NUMBER_OBJECT_CONVERSION = YES_AGGRESSIVE;
				CLANG_CXX_LANGUAGE_STANDARD = "gnu++14";
				CLANG_CXX_LIBRARY = "libc++";
				CLANG_ENABLE_MODULES = YES;
				CLANG_ENABLE_OBJC_ARC = YES;
				CLANG_ENABLE_OBJC_WEAK = YES;
				CLANG_WARN_BLOCK_CAPTURE_AUTORELEASING = YES;
				CLANG_WARN_BOOL_CONVERSION = YES;
				CLANG_WARN_COMMA = YES;
				CLANG_WARN_CONSTANT_CONVERSION = YES;
				CLANG_WARN_DEPRECATED_OBJC_IMPLEMENTATIONS = YES;
				CLANG_WARN_DIRECT_OBJC_ISA_USAGE = YES_ERROR;
				CLANG_WARN_DOCUMENTATION_COMMENTS = YES;
				CLANG_WARN_EMPTY_BODY = YES;
				CLANG_WARN_ENUM_CONVERSION = YES;
				CLANG_WARN_INFINITE_RECURSION = YES;
				CLANG_WARN_INT_CONVERSION = YES;
				CLANG_WARN_NON_LITERAL_NULL_CONVERSION = YES;
				CLANG_WARN_OBJC_IMPLICIT_RETAIN_SELF = YES;
				CLANG_WARN_OBJC_LITERAL_CONVERSION = YES;
				CLANG_WARN_OBJC_ROOT_CLASS = YES_ERROR;
				CLANG_WARN_QUOTED_INCLUDE_IN_FRAMEWORK_HEADER = YES;
				CLANG_WARN_RANGE_LOOP_ANALYSIS = YES;
				CLANG_WARN_STRICT_PROTOTYPES = YES;
				CLANG_WARN_SUSPICIOUS_MOVE = YES;
				CLANG_WARN_UNGUARDED_AVAILABILITY = YES_AGGRESSIVE;
				CLANG_WARN_UNREACHABLE_CODE = YES;
				CLANG_WARN__DUPLICATE_METHOD_MATCH = YES;
				COPY_PHASE_STRIP = NO;
				DEBUG_INFORMATION_FORMAT = "dwarf-with-dsym";
				ENABLE_NS_ASSERTIONS = NO;
				ENABLE_STRICT_OBJC_MSGSEND = YES;
				GCC_C_LANGUAGE_STANDARD = gnu11;
				GCC_NO_COMMON_BLOCKS = YES;
				GCC_WARN_64_TO_32_BIT_CONVERSION = YES;
				GCC_WARN_ABOUT_RETURN_TYPE = YES_ERROR;
				GCC_WARN_UNDECLARED_SELECTOR = YES;
				GCC_WARN_UNINITIALIZED_AUTOS = YES_AGGRESSIVE;
				GCC_WARN_UNUSED_FUNCTION = YES;
				GCC_WARN_UNUSED_VARIABLE = YES;
				IPHONEOS_DEPLOYMENT_TARGET = 14.5;
				MTL_ENABLE_DEBUG_INFO = NO;
				MTL_FAST_MATH = YES;
				SDKROOT = iphoneos;
				SWIFT_COMPILATION_MODE = wholemodule;
				SWIFT_OPTIMIZATION_LEVEL = "-O";
				VALIDATE_PRODUCT = YES;
			};
			name = Release;
		};
		55C3A74626A73B1D0058BC2A /* Debug */ = {
			isa = XCBuildConfiguration;
			buildSettings = {
				ASSETCATALOG_COMPILER_APPICON_NAME = AppIcon;
				ASSETCATALOG_COMPILER_GLOBAL_ACCENT_COLOR_NAME = AccentColor;
				CODE_SIGN_STYLE = Automatic;
				DEVELOPMENT_TEAM = X6V2H8F8AS;
				INFOPLIST_FILE = lowkeyLog/Info.plist;
				LD_RUNPATH_SEARCH_PATHS = (
					"$(inherited)",
					"@executable_path/Frameworks",
				);
				PRODUCT_BUNDLE_IDENTIFIER = czerski.lowkeyLog;
				PRODUCT_NAME = "$(TARGET_NAME)";
				SWIFT_VERSION = 5.0;
				TARGETED_DEVICE_FAMILY = "1,2";
			};
			name = Debug;
		};
		55C3A74726A73B1D0058BC2A /* Release */ = {
			isa = XCBuildConfiguration;
			buildSettings = {
				ASSETCATALOG_COMPILER_APPICON_NAME = AppIcon;
				ASSETCATALOG_COMPILER_GLOBAL_ACCENT_COLOR_NAME = AccentColor;
				CODE_SIGN_STYLE = Automatic;
				DEVELOPMENT_TEAM = X6V2H8F8AS;
				INFOPLIST_FILE = lowkeyLog/Info.plist;
				LD_RUNPATH_SEARCH_PATHS = (
					"$(inherited)",
					"@executable_path/Frameworks",
				);
				PRODUCT_BUNDLE_IDENTIFIER = czerski.lowkeyLog;
				PRODUCT_NAME = "$(TARGET_NAME)";
				SWIFT_VERSION = 5.0;
				TARGETED_DEVICE_FAMILY = "1,2";
			};
			name = Release;
		};
/* End XCBuildConfiguration section */

/* Begin XCConfigurationList section */
		55C3A72926A73B140058BC2A /* Build configuration list for PBXProject "lowkeyLog" */ = {
			isa = XCConfigurationList;
			buildConfigurations = (
				55C3A74326A73B1D0058BC2A /* Debug */,
				55C3A74426A73B1D0058BC2A /* Release */,
			);
			defaultConfigurationIsVisible = 0;
			defaultConfigurationName = Release;
		};
		55C3A74526A73B1D0058BC2A /* Build configuration list for PBXNativeTarget "lowkeyLog" */ = {
			isa = XCConfigurationList;
			buildConfigurations = (
				55C3A74626A73B1D0058BC2A /* Debug */,
				55C3A74726A73B1D0058BC2A /* Release */,
			);
			defaultConfigurationIsVisible = 0;
			defaultConfigurationName = Release;
		};
/* End XCConfigurationList section */

/* Begin XCVersionGroup section */
		55C3A73A26A73B150058BC2A /* lowkeyLog.xcdatamodeld */ = {
			isa = XCVersionGroup;
			children = (
				55C3A73B26A73B150058BC2A /* lowkeyLog.xcdatamodel */,
			);
			currentVersion = 55C3A73B26A73B150058BC2A /* lowkeyLog.xcdatamodel */;
			path = lowkeyLog.xcdatamodeld;
			sourceTree = "<group>";
			versionGroupType = wrapper.xcdatamodel;
		};
/* End XCVersionGroup section */
	};
	rootObject = 55C3A72626A73B140058BC2A /* Project object */;
}
